github.com/bradfitz/gomemcache v0.0.0-20230611145640-acc696258285 h1:Dr+ezPI5ivhMn/3WOoB86XzMhie146DNaBbhaQWZHMY=
github.com/bradfitz/gomemcache v0.0.0-20230611145640-acc696258285/go.mod h1:H0wQNHz2YrLsuXOZozoeDmnHXkNCRmMW0gwFWDfEZDA=
github.com/tarantool/tarantool-wasm-go-netkit v0.0.0-20240709091409-5a310d011617 h1:39oWPwX+e3DlqY0m5tp1zq51F/wmszWvwy0URV+WxT4=
github.com/tarantool/tarantool-wasm-go-netkit v0.0.0-20240709091409-5a310d011617/go.mod h1:DE80jnLVCtXhnA90xS6oxGd8zR8RksXBtsbgg2sxAFE=
golang.org/x/net v0.23.0 h1:7EYJ93RZ9vYSZAIb2x3lnuvqO5zneoD6IvWjuhfxjTs=
golang.org/x/net v0.23.0/go.mod h1:JKghWKKOSdJwpW2GEx0Ja7fmaKnMsbu+MWVZTokSYmg=
