github.com/go-sql-driver/mysql v1.7.2-0.20230613063930-943264b76442 h1:kfRcnY5EQGmJqHA1D9UI8aXF3f01TtwRiy8GsPO/Am8=
github.com/go-sql-driver/mysql v1.7.2-0.20230613063930-943264b76442/go.mod h1:6gYm/zDt3ahdnMVTPeT/LfoBFsws1qZm5yI6FmVjB14=
github.com/tarantool/tarantool-wasm-go-netkit v0.0.0-20240709091409-5a310d011617 h1:39oWPwX+e3DlqY0m5tp1zq51F/wmszWvwy0URV+WxT4=
github.com/tarantool/tarantool-wasm-go-netkit v0.0.0-20240709091409-5a310d011617/go.mod h1:DE80jnLVCtXhnA90xS6oxGd8zR8RksXBtsbgg2sxAFE=
golang.org/x/net v0.23.0 h1:7EYJ93RZ9vYSZAIb2x3lnuvqO5zneoD6IvWjuhfxjTs=
golang.org/x/net v0.23.0/go.mod h1:JKghWKKOSdJwpW2GEx0Ja7fmaKnMsbu+MWVZTokSYmg=
